
Microsoft Visual Studio Solution File, Format Version 12.00
# Visual Studio Version 16
VisualStudioVersion = 16.0.30225.117
MinimumVisualStudioVersion = 10.0.40219.1
Project("{FAE04EC0-301F-11D3-BF4B-00C04F79EFBC}") = "GAMEINHERITENCE", "GAMEINHERITENCE\GAMEINHERITENCE.csproj", "{B6C4E6B0-8C9F-454A-BBE6-0DB0E42CB1E4}"
EndProject
Global
	GlobalSection(SolutionConfigurationPlatforms) = preSolution
		Debug|Any CPU = Debug|Any CPU
		Release|Any CPU = Release|Any CPU
	EndGlobalSection
	GlobalSection(ProjectConfigurationPlatforms) = postSolution
		{B6C4E6B0-8C9F-454A-BBE6-0DB0E42CB1E4}.Debug|Any CPU.ActiveCfg = Debug|Any CPU
		{B6C4E6B0-8C9F-454A-BBE6-0DB0E42CB1E4}.Debug|Any CPU.Build.0 = Debug|Any CPU
		{B6C4E6B0-8C9F-454A-BBE6-0DB0E42CB1E4}.Release|Any CPU.ActiveCfg = Release|Any CPU
		{B6C4E6B0-8C9F-454A-BBE6-0DB0E42CB1E4}.Release|Any CPU.Build.0 = Release|Any CPU
	EndGlobalSection
	GlobalSection(SolutionProperties) = preSolution
		HideSolutionNode = FALSE
	EndGlobalSection
	GlobalSection(ExtensibilityGlobals) = postSolution
		SolutionGuid = {F7454B92-6E49-4819-A07C-4566D8A77841}
	EndGlobalSection
EndGlobal
