
Microsoft Visual Studio Solution File, Format Version 12.00
# Visual Studio Version 16
VisualStudioVersion = 16.0.30225.117
MinimumVisualStudioVersion = 10.0.40219.1
Project("{FAE04EC0-301F-11D3-BF4B-00C04F79EFBC}") = "ConsoleSpecialized", "ConsoleSpecialized\ConsoleSpecialized.csproj", "{E4B5D5FB-46F6-42C2-AC33-5A43350D124A}"
EndProject
Global
	GlobalSection(SolutionConfigurationPlatforms) = preSolution
		Debug|Any CPU = Debug|Any CPU
		Release|Any CPU = Release|Any CPU
	EndGlobalSection
	GlobalSection(ProjectConfigurationPlatforms) = postSolution
		{E4B5D5FB-46F6-42C2-AC33-5A43350D124A}.Debug|Any CPU.ActiveCfg = Debug|Any CPU
		{E4B5D5FB-46F6-42C2-AC33-5A43350D124A}.Debug|Any CPU.Build.0 = Debug|Any CPU
		{E4B5D5FB-46F6-42C2-AC33-5A43350D124A}.Release|Any CPU.ActiveCfg = Release|Any CPU
		{E4B5D5FB-46F6-42C2-AC33-5A43350D124A}.Release|Any CPU.Build.0 = Release|Any CPU
	EndGlobalSection
	GlobalSection(SolutionProperties) = preSolution
		HideSolutionNode = FALSE
	EndGlobalSection
	GlobalSection(ExtensibilityGlobals) = postSolution
		SolutionGuid = {66DBFFE9-4FA7-4F17-8F8C-88D8FA7423FF}
	EndGlobalSection
EndGlobal
