
Microsoft Visual Studio Solution File, Format Version 12.00
# Visual Studio Version 16
VisualStudioVersion = 16.0.30225.117
MinimumVisualStudioVersion = 10.0.40219.1
Project("{FAE04EC0-301F-11D3-BF4B-00C04F79EFBC}") = "Assignment 04-08-2020", "Assignment 04-08-2020\Assignment 04-08-2020.csproj", "{9A28D9D9-4A30-4AAC-BED5-298E3624C732}"
EndProject
Global
	GlobalSection(SolutionConfigurationPlatforms) = preSolution
		Debug|Any CPU = Debug|Any CPU
		Release|Any CPU = Release|Any CPU
	EndGlobalSection
	GlobalSection(ProjectConfigurationPlatforms) = postSolution
		{9A28D9D9-4A30-4AAC-BED5-298E3624C732}.Debug|Any CPU.ActiveCfg = Debug|Any CPU
		{9A28D9D9-4A30-4AAC-BED5-298E3624C732}.Debug|Any CPU.Build.0 = Debug|Any CPU
		{9A28D9D9-4A30-4AAC-BED5-298E3624C732}.Release|Any CPU.ActiveCfg = Release|Any CPU
		{9A28D9D9-4A30-4AAC-BED5-298E3624C732}.Release|Any CPU.Build.0 = Release|Any CPU
	EndGlobalSection
	GlobalSection(SolutionProperties) = preSolution
		HideSolutionNode = FALSE
	EndGlobalSection
	GlobalSection(ExtensibilityGlobals) = postSolution
		SolutionGuid = {C45B6400-F7ED-4ECD-84CB-C575240441F9}
	EndGlobalSection
EndGlobal
