
Microsoft Visual Studio Solution File, Format Version 12.00
# Visual Studio Version 16
VisualStudioVersion = 16.0.30225.117
MinimumVisualStudioVersion = 10.0.40219.1
Project("{FAE04EC0-301F-11D3-BF4B-00C04F79EFBC}") = "IOFileHandle", "IOFileHandle\IOFileHandle.csproj", "{42756E80-EBF0-4425-AA1E-B2301E1BC8ED}"
EndProject
Global
	GlobalSection(SolutionConfigurationPlatforms) = preSolution
		Debug|Any CPU = Debug|Any CPU
		Release|Any CPU = Release|Any CPU
	EndGlobalSection
	GlobalSection(ProjectConfigurationPlatforms) = postSolution
		{42756E80-EBF0-4425-AA1E-B2301E1BC8ED}.Debug|Any CPU.ActiveCfg = Debug|Any CPU
		{42756E80-EBF0-4425-AA1E-B2301E1BC8ED}.Debug|Any CPU.Build.0 = Debug|Any CPU
		{42756E80-EBF0-4425-AA1E-B2301E1BC8ED}.Release|Any CPU.ActiveCfg = Release|Any CPU
		{42756E80-EBF0-4425-AA1E-B2301E1BC8ED}.Release|Any CPU.Build.0 = Release|Any CPU
	EndGlobalSection
	GlobalSection(SolutionProperties) = preSolution
		HideSolutionNode = FALSE
	EndGlobalSection
	GlobalSection(ExtensibilityGlobals) = postSolution
		SolutionGuid = {F3201B59-C29F-4D51-AF16-F31CC2C25D3D}
	EndGlobalSection
EndGlobal
