
Microsoft Visual Studio Solution File, Format Version 12.00
# Visual Studio Version 16
VisualStudioVersion = 16.0.30225.117
MinimumVisualStudioVersion = 10.0.40219.1
Project("{FAE04EC0-301F-11D3-BF4B-00C04F79EFBC}") = "Explore 04-08-2020", "Explore 04-08-2020\Explore 04-08-2020.csproj", "{50478904-221C-4BAA-B707-E7C2766557F9}"
EndProject
Global
	GlobalSection(SolutionConfigurationPlatforms) = preSolution
		Debug|Any CPU = Debug|Any CPU
		Release|Any CPU = Release|Any CPU
	EndGlobalSection
	GlobalSection(ProjectConfigurationPlatforms) = postSolution
		{50478904-221C-4BAA-B707-E7C2766557F9}.Debug|Any CPU.ActiveCfg = Debug|Any CPU
		{50478904-221C-4BAA-B707-E7C2766557F9}.Debug|Any CPU.Build.0 = Debug|Any CPU
		{50478904-221C-4BAA-B707-E7C2766557F9}.Release|Any CPU.ActiveCfg = Release|Any CPU
		{50478904-221C-4BAA-B707-E7C2766557F9}.Release|Any CPU.Build.0 = Release|Any CPU
	EndGlobalSection
	GlobalSection(SolutionProperties) = preSolution
		HideSolutionNode = FALSE
	EndGlobalSection
	GlobalSection(ExtensibilityGlobals) = postSolution
		SolutionGuid = {D1EFE8E4-9DD1-4150-B061-0F887ED10304}
	EndGlobalSection
EndGlobal
